
Microsoft Visual Studio Solution File, Format Version 12.00
# Visual Studio Version 16
VisualStudioVersion = 16.0.31702.278
MinimumVisualStudioVersion = 10.0.40219.1
Project("{8BC9CEB8-8B4A-11D0-8D11-00A0C91BC942}") = "01.01 - Exercice - DiceGame_001", "01.01-Exercices\DiceGame-Base\DiceGame-Base.vcxproj", "{01F6661B-A48C-4180-A44B-AB96B4D7398A}"
EndProject
Project("{8BC9CEB8-8B4A-11D0-8D11-00A0C91BC942}") = "01.01 - Exercice - DiceGame_002", "01.01-Exercices\DiceGame-Dragon\DiceGame-Dragon.vcxproj", "{C04B0BFC-E53C-4D2E-BBEB-5E75F7A5C613}"
EndProject
Project("{8BC9CEB8-8B4A-11D0-8D11-00A0C91BC942}") = "01.02 - Exercice - Arrays", "01.02-Exercices\01.02-Exercice-Array\01.02-Exercice-Array.vcxproj", "{F5251B4F-BAD3-42FE-AE5C-23FE9C039CBE}"
EndProject
Project("{8BC9CEB8-8B4A-11D0-8D11-00A0C91BC942}") = "01.02 - Exercice - Enums", "01.02-Exercices\01.02-Exercice-Enum\01.02-Exercice-Enum.vcxproj", "{E194A4E5-75CA-4B3F-B906-6D1602DB1CFC}"
EndProject
Project("{8BC9CEB8-8B4A-11D0-8D11-00A0C91BC942}") = "01.02 - Exercice - Strings", "01.02-Exercices\01.02-Exercice-Strings\01.02-Exercice-Strings.vcxproj", "{0D389D1E-7544-4E29-A16E-F5CBFD253755}"
EndProject
Project("{8BC9CEB8-8B4A-11D0-8D11-00A0C91BC942}") = "01.02 - Formative - Poker", "Formatives\01.02-Formative\01.02-Formative.vcxproj", "{0A05DCEC-D910-4F9F-BADC-3D9AB8B3FD6E}"
EndProject
Project("{8BC9CEB8-8B4A-11D0-8D11-00A0C91BC942}") = "01.02-Formative-NarativeGame", "Formatives\01.02-Formative-NarativeGame\01.02-Formative-NarativeGame.vcxproj", "{D0751319-1B6D-4BDD-8550-36371D099CC8}"
EndProject
Global
	GlobalSection(SolutionConfigurationPlatforms) = preSolution
		Debug|x64 = Debug|x64
		Debug|x86 = Debug|x86
		Release|x64 = Release|x64
		Release|x86 = Release|x86
	EndGlobalSection
	GlobalSection(ProjectConfigurationPlatforms) = postSolution
		{01F6661B-A48C-4180-A44B-AB96B4D7398A}.Debug|x64.ActiveCfg = Debug|x64
		{01F6661B-A48C-4180-A44B-AB96B4D7398A}.Debug|x64.Build.0 = Debug|x64
		{01F6661B-A48C-4180-A44B-AB96B4D7398A}.Debug|x86.ActiveCfg = Debug|Win32
		{01F6661B-A48C-4180-A44B-AB96B4D7398A}.Debug|x86.Build.0 = Debug|Win32
		{01F6661B-A48C-4180-A44B-AB96B4D7398A}.Release|x64.ActiveCfg = Release|x64
		{01F6661B-A48C-4180-A44B-AB96B4D7398A}.Release|x64.Build.0 = Release|x64
		{01F6661B-A48C-4180-A44B-AB96B4D7398A}.Release|x86.ActiveCfg = Release|Win32
		{01F6661B-A48C-4180-A44B-AB96B4D7398A}.Release|x86.Build.0 = Release|Win32
		{C04B0BFC-E53C-4D2E-BBEB-5E75F7A5C613}.Debug|x64.ActiveCfg = Debug|x64
		{C04B0BFC-E53C-4D2E-BBEB-5E75F7A5C613}.Debug|x64.Build.0 = Debug|x64
		{C04B0BFC-E53C-4D2E-BBEB-5E75F7A5C613}.Debug|x86.ActiveCfg = Debug|Win32
		{C04B0BFC-E53C-4D2E-BBEB-5E75F7A5C613}.Debug|x86.Build.0 = Debug|Win32
		{C04B0BFC-E53C-4D2E-BBEB-5E75F7A5C613}.Release|x64.ActiveCfg = Release|x64
		{C04B0BFC-E53C-4D2E-BBEB-5E75F7A5C613}.Release|x64.Build.0 = Release|x64
		{C04B0BFC-E53C-4D2E-BBEB-5E75F7A5C613}.Release|x86.ActiveCfg = Release|Win32
		{C04B0BFC-E53C-4D2E-BBEB-5E75F7A5C613}.Release|x86.Build.0 = Release|Win32
		{F5251B4F-BAD3-42FE-AE5C-23FE9C039CBE}.Debug|x64.ActiveCfg = Debug|x64
		{F5251B4F-BAD3-42FE-AE5C-23FE9C039CBE}.Debug|x64.Build.0 = Debug|x64
		{F5251B4F-BAD3-42FE-AE5C-23FE9C039CBE}.Debug|x86.ActiveCfg = Debug|Win32
		{F5251B4F-BAD3-42FE-AE5C-23FE9C039CBE}.Debug|x86.Build.0 = Debug|Win32
		{F5251B4F-BAD3-42FE-AE5C-23FE9C039CBE}.Release|x64.ActiveCfg = Release|x64
		{F5251B4F-BAD3-42FE-AE5C-23FE9C039CBE}.Release|x64.Build.0 = Release|x64
		{F5251B4F-BAD3-42FE-AE5C-23FE9C039CBE}.Release|x86.ActiveCfg = Release|Win32
		{F5251B4F-BAD3-42FE-AE5C-23FE9C039CBE}.Release|x86.Build.0 = Release|Win32
		{E194A4E5-75CA-4B3F-B906-6D1602DB1CFC}.Debug|x64.ActiveCfg = Debug|x64
		{E194A4E5-75CA-4B3F-B906-6D1602DB1CFC}.Debug|x64.Build.0 = Debug|x64
		{E194A4E5-75CA-4B3F-B906-6D1602DB1CFC}.Debug|x86.ActiveCfg = Debug|Win32
		{E194A4E5-75CA-4B3F-B906-6D1602DB1CFC}.Debug|x86.Build.0 = Debug|Win32
		{E194A4E5-75CA-4B3F-B906-6D1602DB1CFC}.Release|x64.ActiveCfg = Release|x64
		{E194A4E5-75CA-4B3F-B906-6D1602DB1CFC}.Release|x64.Build.0 = Release|x64
		{E194A4E5-75CA-4B3F-B906-6D1602DB1CFC}.Release|x86.ActiveCfg = Release|Win32
		{E194A4E5-75CA-4B3F-B906-6D1602DB1CFC}.Release|x86.Build.0 = Release|Win32
		{0D389D1E-7544-4E29-A16E-F5CBFD253755}.Debug|x64.ActiveCfg = Debug|x64
		{0D389D1E-7544-4E29-A16E-F5CBFD253755}.Debug|x64.Build.0 = Debug|x64
		{0D389D1E-7544-4E29-A16E-F5CBFD253755}.Debug|x86.ActiveCfg = Debug|Win32
		{0D389D1E-7544-4E29-A16E-F5CBFD253755}.Debug|x86.Build.0 = Debug|Win32
		{0D389D1E-7544-4E29-A16E-F5CBFD253755}.Release|x64.ActiveCfg = Release|x64
		{0D389D1E-7544-4E29-A16E-F5CBFD253755}.Release|x64.Build.0 = Release|x64
		{0D389D1E-7544-4E29-A16E-F5CBFD253755}.Release|x86.ActiveCfg = Release|Win32
		{0D389D1E-7544-4E29-A16E-F5CBFD253755}.Release|x86.Build.0 = Release|Win32
		{0A05DCEC-D910-4F9F-BADC-3D9AB8B3FD6E}.Debug|x64.ActiveCfg = Debug|x64
		{0A05DCEC-D910-4F9F-BADC-3D9AB8B3FD6E}.Debug|x64.Build.0 = Debug|x64
		{0A05DCEC-D910-4F9F-BADC-3D9AB8B3FD6E}.Debug|x86.ActiveCfg = Debug|Win32
		{0A05DCEC-D910-4F9F-BADC-3D9AB8B3FD6E}.Debug|x86.Build.0 = Debug|Win32
		{0A05DCEC-D910-4F9F-BADC-3D9AB8B3FD6E}.Release|x64.ActiveCfg = Release|x64
		{0A05DCEC-D910-4F9F-BADC-3D9AB8B3FD6E}.Release|x64.Build.0 = Release|x64
		{0A05DCEC-D910-4F9F-BADC-3D9AB8B3FD6E}.Release|x86.ActiveCfg = Release|Win32
		{0A05DCEC-D910-4F9F-BADC-3D9AB8B3FD6E}.Release|x86.Build.0 = Release|Win32
		{D0751319-1B6D-4BDD-8550-36371D099CC8}.Debug|x64.ActiveCfg = Debug|x64
		{D0751319-1B6D-4BDD-8550-36371D099CC8}.Debug|x64.Build.0 = Debug|x64
		{D0751319-1B6D-4BDD-8550-36371D099CC8}.Debug|x86.ActiveCfg = Debug|Win32
		{D0751319-1B6D-4BDD-8550-36371D099CC8}.Debug|x86.Build.0 = Debug|Win32
		{D0751319-1B6D-4BDD-8550-36371D099CC8}.Release|x64.ActiveCfg = Release|x64
		{D0751319-1B6D-4BDD-8550-36371D099CC8}.Release|x64.Build.0 = Release|x64
		{D0751319-1B6D-4BDD-8550-36371D099CC8}.Release|x86.ActiveCfg = Release|Win32
		{D0751319-1B6D-4BDD-8550-36371D099CC8}.Release|x86.Build.0 = Release|Win32
	EndGlobalSection
	GlobalSection(SolutionProperties) = preSolution
		HideSolutionNode = FALSE
	EndGlobalSection
	GlobalSection(ExtensibilityGlobals) = postSolution
		SolutionGuid = {7A4A7924-09C3-43AA-B8FA-C841DADC0EB1}
	EndGlobalSection
EndGlobal
