
Microsoft Visual Studio Solution File, Format Version 12.00
# Visual Studio Version 16
VisualStudioVersion = 16.0.31702.278
MinimumVisualStudioVersion = 10.0.40219.1
Project("{8BC9CEB8-8B4A-11D0-8D11-00A0C91BC942}") = "01.01 - Exercice - DiceGame-Base", "01.01-Exercices\DiceGame-Base\DiceGame-Base.vcxproj", "{01F6661B-A48C-4180-A44B-AB96B4D7398A}"
EndProject
Project("{8BC9CEB8-8B4A-11D0-8D11-00A0C91BC942}") = "01.01 - Exercice - DiceGame-Dragon", "01.01-Exercices\DiceGame-Dragon\DiceGame-Dragon.vcxproj", "{C04B0BFC-E53C-4D2E-BBEB-5E75F7A5C613}"
EndProject
Project("{8BC9CEB8-8B4A-11D0-8D11-00A0C91BC942}") = "01.02 - Exercice - Arrays", "01.02-Exercices\01.02-Exercice-Array\01.02-Exercice-Array.vcxproj", "{F5251B4F-BAD3-42FE-AE5C-23FE9C039CBE}"
EndProject
Project("{8BC9CEB8-8B4A-11D0-8D11-00A0C91BC942}") = "01.02 - Exercice - Enums", "01.02-Exercices\01.02-Exercice-Enum\01.02-Exercice-Enum.vcxproj", "{E194A4E5-75CA-4B3F-B906-6D1602DB1CFC}"
EndProject
Project("{8BC9CEB8-8B4A-11D0-8D11-00A0C91BC942}") = "01.02 - Exercice - Strings", "01.02-Exercices\01.02-Exercice-Strings\01.02-Exercice-Strings.vcxproj", "{0D389D1E-7544-4E29-A16E-F5CBFD253755}"
EndProject
Project("{8BC9CEB8-8B4A-11D0-8D11-00A0C91BC942}") = "01.02 - Formative - Poker", "Formatives\01.02-Formative\01.02-Formative.vcxproj", "{0A05DCEC-D910-4F9F-BADC-3D9AB8B3FD6E}"
EndProject
Project("{8BC9CEB8-8B4A-11D0-8D11-00A0C91BC942}") = "01.02-Formative-NarativeGame", "Formatives\01.02-Formative-NarativeGame\01.02-Formative-NarativeGame.vcxproj", "{D0751319-1B6D-4BDD-8550-36371D099CC8}"
EndProject
Project("{8BC9CEB8-8B4A-11D0-8D11-00A0C91BC942}") = "02-Exercice", "02-Exercice\02-Exercice\02-Exercice.vcxproj", "{A98888D2-28B1-4BDF-8E53-FA77430C30C3}"
EndProject
Project("{8BC9CEB8-8B4A-11D0-8D11-00A0C91BC942}") = "03.01 - Exercice - PokerII", "03 - Exercice - PokerII\03 - Exercice - PokerII.vcxproj", "{AEE3D3BA-7BE7-41DD-AEEB-B7DBCF701D7C}"
EndProject
Project("{8BC9CEB8-8B4A-11D0-8D11-00A0C91BC942}") = "03.02 - Exercice - Vector", "03.02 - Exercice - Vector\03.02 - Exercice - Vector.vcxproj", "{6D5B6898-553B-4902-A8E3-CBE750D0C59C}"
EndProject
Project("{8BC9CEB8-8B4A-11D0-8D11-00A0C91BC942}") = "03.02 - Formative - RouletteRusse", "03.02 - Formative - RouletteRusse\03.02 - Formative - RouletteRusse.vcxproj", "{91F020A8-E6C7-4FA8-89F5-5A50B4EFE1AE}"
EndProject
Project("{8BC9CEB8-8B4A-11D0-8D11-00A0C91BC942}") = "03.03 - Exercice1and2 - List", "03.03 - Exercice - List\03.03 - Exercice - List.vcxproj", "{A20EBA09-ADC7-40A0-A7A8-E504BAEC1DF5}"
EndProject
Project("{8BC9CEB8-8B4A-11D0-8D11-00A0C91BC942}") = "03.03 - Exercice3 - List", "03.03 - Exercice3 - List\03.03 - Exercice3 - List.vcxproj", "{C1AF2E70-9841-4DA2-827E-713FCFB65C36}"
EndProject
Project("{8BC9CEB8-8B4A-11D0-8D11-00A0C91BC942}") = "03.04-Formative-Map", "03.04-Formative-Map\03.04-Formative-Map.vcxproj", "{16AFD041-F7ED-4E7B-BC5E-557193472D1E}"
EndProject
Project("{8BC9CEB8-8B4A-11D0-8D11-00A0C91BC942}") = "04 - Exercice 1 - OOP - Car", "04 - Exercice 1 - OOP\04 - Exercice 1 - OOP.vcxproj", "{C55CF21A-00E8-4D8D-9E65-7651F22BB106}"
EndProject
Project("{2150E333-8FDC-42A3-9474-1A3956D46DE8}") = "01", "01", "{479E9776-C202-4CFB-A2BD-DBD48D77F62D}"
EndProject
Project("{2150E333-8FDC-42A3-9474-1A3956D46DE8}") = "02", "02", "{F0CF21D2-9594-43EF-84A7-7D083C5C3260}"
EndProject
Project("{2150E333-8FDC-42A3-9474-1A3956D46DE8}") = "03", "03", "{02E27078-DAC3-4E84-91F5-A869EF8C4B42}"
EndProject
Project("{2150E333-8FDC-42A3-9474-1A3956D46DE8}") = "04", "04", "{D2CF255A-F478-4162-967A-F61E4FD4BB77}"
EndProject
Project("{8BC9CEB8-8B4A-11D0-8D11-00A0C91BC942}") = "04 - Exercice 2 - OOP - Point", "04 - Exercice 2 - OOP - Point\04 - Exercice 2 - OOP - Point.vcxproj", "{CF6FBE82-F658-4771-8201-576A1DEEE31A}"
EndProject
Project("{8BC9CEB8-8B4A-11D0-8D11-00A0C91BC942}") = "04 - Exercice 3 - OOP - Stock", "04 - Exercice 3 - OOP - Stock\04 - Exercice 3 - OOP - Stock.vcxproj", "{DBDFB068-4ADD-4387-9DDA-46FDC03099BF}"
EndProject
Project("{8BC9CEB8-8B4A-11D0-8D11-00A0C91BC942}") = "04 - Exercice 4 - OOP - SweetStore", "04 - Exercice 4 - OOP - SweetStore\04 - Exercice 4 - OOP - SweetStore.vcxproj", "{C33E4F14-F0C1-4848-A183-4406E682F221}"
EndProject
Project("{8BC9CEB8-8B4A-11D0-8D11-00A0C91BC942}") = "04 - Formative - OOP - SolarSystem", "04 - Formative - OOP - SolarSystem\04 - Formative - OOP - SolarSystem.vcxproj", "{BB415A19-6CD2-4B67-9955-C6E5A29C3DCB}"
EndProject
Project("{8BC9CEB8-8B4A-11D0-8D11-00A0C91BC942}") = "04 - Exercice 6 - OOP - Vehicules", "04 - Exercice 6 - OOP - Vehicules\04 - Exercice 6 - OOP - Vehicules.vcxproj", "{374B8EA2-3346-4D25-9CC5-EE72E1DB12EA}"
EndProject
Project("{8BC9CEB8-8B4A-11D0-8D11-00A0C91BC942}") = "04 - Formative - OOP - Verger", "04 - Exercice - OOP - Verger\04 - Exercice - OOP - Verger.vcxproj", "{A4A2E879-DA8E-4E86-B8C1-F0F8E94A2598}"
EndProject
Project("{8BC9CEB8-8B4A-11D0-8D11-00A0C91BC942}") = "04 - Exercice 9 - OOP - Inventory", "04 - Exercice 9 - OOP - Inventory\04 - Exercice 9 - OOP - Inventory.vcxproj", "{3C1606F4-2C60-4611-AB4C-A357585080C4}"
EndProject
Project("{2150E333-8FDC-42A3-9474-1A3956D46DE8}") = "05", "05", "{160E12B8-E7C3-4868-B55D-42946FE3AAD7}"
EndProject
Global
	GlobalSection(SolutionConfigurationPlatforms) = preSolution
		Debug|x64 = Debug|x64
		Debug|x86 = Debug|x86
		Release|x64 = Release|x64
		Release|x86 = Release|x86
	EndGlobalSection
	GlobalSection(ProjectConfigurationPlatforms) = postSolution
		{01F6661B-A48C-4180-A44B-AB96B4D7398A}.Debug|x64.ActiveCfg = Debug|x64
		{01F6661B-A48C-4180-A44B-AB96B4D7398A}.Debug|x64.Build.0 = Debug|x64
		{01F6661B-A48C-4180-A44B-AB96B4D7398A}.Debug|x86.ActiveCfg = Debug|Win32
		{01F6661B-A48C-4180-A44B-AB96B4D7398A}.Debug|x86.Build.0 = Debug|Win32
		{01F6661B-A48C-4180-A44B-AB96B4D7398A}.Release|x64.ActiveCfg = Release|x64
		{01F6661B-A48C-4180-A44B-AB96B4D7398A}.Release|x64.Build.0 = Release|x64
		{01F6661B-A48C-4180-A44B-AB96B4D7398A}.Release|x86.ActiveCfg = Release|Win32
		{01F6661B-A48C-4180-A44B-AB96B4D7398A}.Release|x86.Build.0 = Release|Win32
		{C04B0BFC-E53C-4D2E-BBEB-5E75F7A5C613}.Debug|x64.ActiveCfg = Debug|x64
		{C04B0BFC-E53C-4D2E-BBEB-5E75F7A5C613}.Debug|x64.Build.0 = Debug|x64
		{C04B0BFC-E53C-4D2E-BBEB-5E75F7A5C613}.Debug|x86.ActiveCfg = Debug|Win32
		{C04B0BFC-E53C-4D2E-BBEB-5E75F7A5C613}.Debug|x86.Build.0 = Debug|Win32
		{C04B0BFC-E53C-4D2E-BBEB-5E75F7A5C613}.Release|x64.ActiveCfg = Release|x64
		{C04B0BFC-E53C-4D2E-BBEB-5E75F7A5C613}.Release|x64.Build.0 = Release|x64
		{C04B0BFC-E53C-4D2E-BBEB-5E75F7A5C613}.Release|x86.ActiveCfg = Release|Win32
		{C04B0BFC-E53C-4D2E-BBEB-5E75F7A5C613}.Release|x86.Build.0 = Release|Win32
		{F5251B4F-BAD3-42FE-AE5C-23FE9C039CBE}.Debug|x64.ActiveCfg = Debug|x64
		{F5251B4F-BAD3-42FE-AE5C-23FE9C039CBE}.Debug|x64.Build.0 = Debug|x64
		{F5251B4F-BAD3-42FE-AE5C-23FE9C039CBE}.Debug|x86.ActiveCfg = Debug|Win32
		{F5251B4F-BAD3-42FE-AE5C-23FE9C039CBE}.Debug|x86.Build.0 = Debug|Win32
		{F5251B4F-BAD3-42FE-AE5C-23FE9C039CBE}.Release|x64.ActiveCfg = Release|x64
		{F5251B4F-BAD3-42FE-AE5C-23FE9C039CBE}.Release|x64.Build.0 = Release|x64
		{F5251B4F-BAD3-42FE-AE5C-23FE9C039CBE}.Release|x86.ActiveCfg = Release|Win32
		{F5251B4F-BAD3-42FE-AE5C-23FE9C039CBE}.Release|x86.Build.0 = Release|Win32
		{E194A4E5-75CA-4B3F-B906-6D1602DB1CFC}.Debug|x64.ActiveCfg = Debug|x64
		{E194A4E5-75CA-4B3F-B906-6D1602DB1CFC}.Debug|x64.Build.0 = Debug|x64
		{E194A4E5-75CA-4B3F-B906-6D1602DB1CFC}.Debug|x86.ActiveCfg = Debug|Win32
		{E194A4E5-75CA-4B3F-B906-6D1602DB1CFC}.Debug|x86.Build.0 = Debug|Win32
		{E194A4E5-75CA-4B3F-B906-6D1602DB1CFC}.Release|x64.ActiveCfg = Release|x64
		{E194A4E5-75CA-4B3F-B906-6D1602DB1CFC}.Release|x64.Build.0 = Release|x64
		{E194A4E5-75CA-4B3F-B906-6D1602DB1CFC}.Release|x86.ActiveCfg = Release|Win32
		{E194A4E5-75CA-4B3F-B906-6D1602DB1CFC}.Release|x86.Build.0 = Release|Win32
		{0D389D1E-7544-4E29-A16E-F5CBFD253755}.Debug|x64.ActiveCfg = Debug|x64
		{0D389D1E-7544-4E29-A16E-F5CBFD253755}.Debug|x64.Build.0 = Debug|x64
		{0D389D1E-7544-4E29-A16E-F5CBFD253755}.Debug|x86.ActiveCfg = Debug|Win32
		{0D389D1E-7544-4E29-A16E-F5CBFD253755}.Debug|x86.Build.0 = Debug|Win32
		{0D389D1E-7544-4E29-A16E-F5CBFD253755}.Release|x64.ActiveCfg = Release|x64
		{0D389D1E-7544-4E29-A16E-F5CBFD253755}.Release|x64.Build.0 = Release|x64
		{0D389D1E-7544-4E29-A16E-F5CBFD253755}.Release|x86.ActiveCfg = Release|Win32
		{0D389D1E-7544-4E29-A16E-F5CBFD253755}.Release|x86.Build.0 = Release|Win32
		{0A05DCEC-D910-4F9F-BADC-3D9AB8B3FD6E}.Debug|x64.ActiveCfg = Debug|x64
		{0A05DCEC-D910-4F9F-BADC-3D9AB8B3FD6E}.Debug|x64.Build.0 = Debug|x64
		{0A05DCEC-D910-4F9F-BADC-3D9AB8B3FD6E}.Debug|x86.ActiveCfg = Debug|Win32
		{0A05DCEC-D910-4F9F-BADC-3D9AB8B3FD6E}.Debug|x86.Build.0 = Debug|Win32
		{0A05DCEC-D910-4F9F-BADC-3D9AB8B3FD6E}.Release|x64.ActiveCfg = Release|x64
		{0A05DCEC-D910-4F9F-BADC-3D9AB8B3FD6E}.Release|x64.Build.0 = Release|x64
		{0A05DCEC-D910-4F9F-BADC-3D9AB8B3FD6E}.Release|x86.ActiveCfg = Release|Win32
		{0A05DCEC-D910-4F9F-BADC-3D9AB8B3FD6E}.Release|x86.Build.0 = Release|Win32
		{D0751319-1B6D-4BDD-8550-36371D099CC8}.Debug|x64.ActiveCfg = Debug|x64
		{D0751319-1B6D-4BDD-8550-36371D099CC8}.Debug|x64.Build.0 = Debug|x64
		{D0751319-1B6D-4BDD-8550-36371D099CC8}.Debug|x86.ActiveCfg = Debug|Win32
		{D0751319-1B6D-4BDD-8550-36371D099CC8}.Debug|x86.Build.0 = Debug|Win32
		{D0751319-1B6D-4BDD-8550-36371D099CC8}.Release|x64.ActiveCfg = Release|x64
		{D0751319-1B6D-4BDD-8550-36371D099CC8}.Release|x64.Build.0 = Release|x64
		{D0751319-1B6D-4BDD-8550-36371D099CC8}.Release|x86.ActiveCfg = Release|Win32
		{D0751319-1B6D-4BDD-8550-36371D099CC8}.Release|x86.Build.0 = Release|Win32
		{A98888D2-28B1-4BDF-8E53-FA77430C30C3}.Debug|x64.ActiveCfg = Debug|x64
		{A98888D2-28B1-4BDF-8E53-FA77430C30C3}.Debug|x64.Build.0 = Debug|x64
		{A98888D2-28B1-4BDF-8E53-FA77430C30C3}.Debug|x86.ActiveCfg = Debug|Win32
		{A98888D2-28B1-4BDF-8E53-FA77430C30C3}.Debug|x86.Build.0 = Debug|Win32
		{A98888D2-28B1-4BDF-8E53-FA77430C30C3}.Release|x64.ActiveCfg = Release|x64
		{A98888D2-28B1-4BDF-8E53-FA77430C30C3}.Release|x64.Build.0 = Release|x64
		{A98888D2-28B1-4BDF-8E53-FA77430C30C3}.Release|x86.ActiveCfg = Release|Win32
		{A98888D2-28B1-4BDF-8E53-FA77430C30C3}.Release|x86.Build.0 = Release|Win32
		{AEE3D3BA-7BE7-41DD-AEEB-B7DBCF701D7C}.Debug|x64.ActiveCfg = Debug|x64
		{AEE3D3BA-7BE7-41DD-AEEB-B7DBCF701D7C}.Debug|x64.Build.0 = Debug|x64
		{AEE3D3BA-7BE7-41DD-AEEB-B7DBCF701D7C}.Debug|x86.ActiveCfg = Debug|Win32
		{AEE3D3BA-7BE7-41DD-AEEB-B7DBCF701D7C}.Debug|x86.Build.0 = Debug|Win32
		{AEE3D3BA-7BE7-41DD-AEEB-B7DBCF701D7C}.Release|x64.ActiveCfg = Release|x64
		{AEE3D3BA-7BE7-41DD-AEEB-B7DBCF701D7C}.Release|x64.Build.0 = Release|x64
		{AEE3D3BA-7BE7-41DD-AEEB-B7DBCF701D7C}.Release|x86.ActiveCfg = Release|Win32
		{AEE3D3BA-7BE7-41DD-AEEB-B7DBCF701D7C}.Release|x86.Build.0 = Release|Win32
		{6D5B6898-553B-4902-A8E3-CBE750D0C59C}.Debug|x64.ActiveCfg = Debug|x64
		{6D5B6898-553B-4902-A8E3-CBE750D0C59C}.Debug|x64.Build.0 = Debug|x64
		{6D5B6898-553B-4902-A8E3-CBE750D0C59C}.Debug|x86.ActiveCfg = Debug|Win32
		{6D5B6898-553B-4902-A8E3-CBE750D0C59C}.Debug|x86.Build.0 = Debug|Win32
		{6D5B6898-553B-4902-A8E3-CBE750D0C59C}.Release|x64.ActiveCfg = Release|x64
		{6D5B6898-553B-4902-A8E3-CBE750D0C59C}.Release|x64.Build.0 = Release|x64
		{6D5B6898-553B-4902-A8E3-CBE750D0C59C}.Release|x86.ActiveCfg = Release|Win32
		{6D5B6898-553B-4902-A8E3-CBE750D0C59C}.Release|x86.Build.0 = Release|Win32
		{91F020A8-E6C7-4FA8-89F5-5A50B4EFE1AE}.Debug|x64.ActiveCfg = Debug|x64
		{91F020A8-E6C7-4FA8-89F5-5A50B4EFE1AE}.Debug|x64.Build.0 = Debug|x64
		{91F020A8-E6C7-4FA8-89F5-5A50B4EFE1AE}.Debug|x86.ActiveCfg = Debug|Win32
		{91F020A8-E6C7-4FA8-89F5-5A50B4EFE1AE}.Debug|x86.Build.0 = Debug|Win32
		{91F020A8-E6C7-4FA8-89F5-5A50B4EFE1AE}.Release|x64.ActiveCfg = Release|x64
		{91F020A8-E6C7-4FA8-89F5-5A50B4EFE1AE}.Release|x64.Build.0 = Release|x64
		{91F020A8-E6C7-4FA8-89F5-5A50B4EFE1AE}.Release|x86.ActiveCfg = Release|Win32
		{91F020A8-E6C7-4FA8-89F5-5A50B4EFE1AE}.Release|x86.Build.0 = Release|Win32
		{A20EBA09-ADC7-40A0-A7A8-E504BAEC1DF5}.Debug|x64.ActiveCfg = Debug|x64
		{A20EBA09-ADC7-40A0-A7A8-E504BAEC1DF5}.Debug|x64.Build.0 = Debug|x64
		{A20EBA09-ADC7-40A0-A7A8-E504BAEC1DF5}.Debug|x86.ActiveCfg = Debug|Win32
		{A20EBA09-ADC7-40A0-A7A8-E504BAEC1DF5}.Debug|x86.Build.0 = Debug|Win32
		{A20EBA09-ADC7-40A0-A7A8-E504BAEC1DF5}.Release|x64.ActiveCfg = Release|x64
		{A20EBA09-ADC7-40A0-A7A8-E504BAEC1DF5}.Release|x64.Build.0 = Release|x64
		{A20EBA09-ADC7-40A0-A7A8-E504BAEC1DF5}.Release|x86.ActiveCfg = Release|Win32
		{A20EBA09-ADC7-40A0-A7A8-E504BAEC1DF5}.Release|x86.Build.0 = Release|Win32
		{C1AF2E70-9841-4DA2-827E-713FCFB65C36}.Debug|x64.ActiveCfg = Debug|x64
		{C1AF2E70-9841-4DA2-827E-713FCFB65C36}.Debug|x64.Build.0 = Debug|x64
		{C1AF2E70-9841-4DA2-827E-713FCFB65C36}.Debug|x86.ActiveCfg = Debug|Win32
		{C1AF2E70-9841-4DA2-827E-713FCFB65C36}.Debug|x86.Build.0 = Debug|Win32
		{C1AF2E70-9841-4DA2-827E-713FCFB65C36}.Release|x64.ActiveCfg = Release|x64
		{C1AF2E70-9841-4DA2-827E-713FCFB65C36}.Release|x64.Build.0 = Release|x64
		{C1AF2E70-9841-4DA2-827E-713FCFB65C36}.Release|x86.ActiveCfg = Release|Win32
		{C1AF2E70-9841-4DA2-827E-713FCFB65C36}.Release|x86.Build.0 = Release|Win32
		{16AFD041-F7ED-4E7B-BC5E-557193472D1E}.Debug|x64.ActiveCfg = Debug|x64
		{16AFD041-F7ED-4E7B-BC5E-557193472D1E}.Debug|x64.Build.0 = Debug|x64
		{16AFD041-F7ED-4E7B-BC5E-557193472D1E}.Debug|x86.ActiveCfg = Debug|Win32
		{16AFD041-F7ED-4E7B-BC5E-557193472D1E}.Debug|x86.Build.0 = Debug|Win32
		{16AFD041-F7ED-4E7B-BC5E-557193472D1E}.Release|x64.ActiveCfg = Release|x64
		{16AFD041-F7ED-4E7B-BC5E-557193472D1E}.Release|x64.Build.0 = Release|x64
		{16AFD041-F7ED-4E7B-BC5E-557193472D1E}.Release|x86.ActiveCfg = Release|Win32
		{16AFD041-F7ED-4E7B-BC5E-557193472D1E}.Release|x86.Build.0 = Release|Win32
		{C55CF21A-00E8-4D8D-9E65-7651F22BB106}.Debug|x64.ActiveCfg = Debug|x64
		{C55CF21A-00E8-4D8D-9E65-7651F22BB106}.Debug|x64.Build.0 = Debug|x64
		{C55CF21A-00E8-4D8D-9E65-7651F22BB106}.Debug|x86.ActiveCfg = Debug|Win32
		{C55CF21A-00E8-4D8D-9E65-7651F22BB106}.Debug|x86.Build.0 = Debug|Win32
		{C55CF21A-00E8-4D8D-9E65-7651F22BB106}.Release|x64.ActiveCfg = Release|x64
		{C55CF21A-00E8-4D8D-9E65-7651F22BB106}.Release|x64.Build.0 = Release|x64
		{C55CF21A-00E8-4D8D-9E65-7651F22BB106}.Release|x86.ActiveCfg = Release|Win32
		{C55CF21A-00E8-4D8D-9E65-7651F22BB106}.Release|x86.Build.0 = Release|Win32
		{CF6FBE82-F658-4771-8201-576A1DEEE31A}.Debug|x64.ActiveCfg = Debug|x64
		{CF6FBE82-F658-4771-8201-576A1DEEE31A}.Debug|x64.Build.0 = Debug|x64
		{CF6FBE82-F658-4771-8201-576A1DEEE31A}.Debug|x86.ActiveCfg = Debug|Win32
		{CF6FBE82-F658-4771-8201-576A1DEEE31A}.Debug|x86.Build.0 = Debug|Win32
		{CF6FBE82-F658-4771-8201-576A1DEEE31A}.Release|x64.ActiveCfg = Release|x64
		{CF6FBE82-F658-4771-8201-576A1DEEE31A}.Release|x64.Build.0 = Release|x64
		{CF6FBE82-F658-4771-8201-576A1DEEE31A}.Release|x86.ActiveCfg = Release|Win32
		{CF6FBE82-F658-4771-8201-576A1DEEE31A}.Release|x86.Build.0 = Release|Win32
		{DBDFB068-4ADD-4387-9DDA-46FDC03099BF}.Debug|x64.ActiveCfg = Debug|x64
		{DBDFB068-4ADD-4387-9DDA-46FDC03099BF}.Debug|x64.Build.0 = Debug|x64
		{DBDFB068-4ADD-4387-9DDA-46FDC03099BF}.Debug|x86.ActiveCfg = Debug|Win32
		{DBDFB068-4ADD-4387-9DDA-46FDC03099BF}.Debug|x86.Build.0 = Debug|Win32
		{DBDFB068-4ADD-4387-9DDA-46FDC03099BF}.Release|x64.ActiveCfg = Release|x64
		{DBDFB068-4ADD-4387-9DDA-46FDC03099BF}.Release|x64.Build.0 = Release|x64
		{DBDFB068-4ADD-4387-9DDA-46FDC03099BF}.Release|x86.ActiveCfg = Release|Win32
		{DBDFB068-4ADD-4387-9DDA-46FDC03099BF}.Release|x86.Build.0 = Release|Win32
		{C33E4F14-F0C1-4848-A183-4406E682F221}.Debug|x64.ActiveCfg = Debug|x64
		{C33E4F14-F0C1-4848-A183-4406E682F221}.Debug|x64.Build.0 = Debug|x64
		{C33E4F14-F0C1-4848-A183-4406E682F221}.Debug|x86.ActiveCfg = Debug|Win32
		{C33E4F14-F0C1-4848-A183-4406E682F221}.Debug|x86.Build.0 = Debug|Win32
		{C33E4F14-F0C1-4848-A183-4406E682F221}.Release|x64.ActiveCfg = Release|x64
		{C33E4F14-F0C1-4848-A183-4406E682F221}.Release|x64.Build.0 = Release|x64
		{C33E4F14-F0C1-4848-A183-4406E682F221}.Release|x86.ActiveCfg = Release|Win32
		{C33E4F14-F0C1-4848-A183-4406E682F221}.Release|x86.Build.0 = Release|Win32
		{BB415A19-6CD2-4B67-9955-C6E5A29C3DCB}.Debug|x64.ActiveCfg = Debug|x64
		{BB415A19-6CD2-4B67-9955-C6E5A29C3DCB}.Debug|x64.Build.0 = Debug|x64
		{BB415A19-6CD2-4B67-9955-C6E5A29C3DCB}.Debug|x86.ActiveCfg = Debug|Win32
		{BB415A19-6CD2-4B67-9955-C6E5A29C3DCB}.Debug|x86.Build.0 = Debug|Win32
		{BB415A19-6CD2-4B67-9955-C6E5A29C3DCB}.Release|x64.ActiveCfg = Release|x64
		{BB415A19-6CD2-4B67-9955-C6E5A29C3DCB}.Release|x64.Build.0 = Release|x64
		{BB415A19-6CD2-4B67-9955-C6E5A29C3DCB}.Release|x86.ActiveCfg = Release|Win32
		{BB415A19-6CD2-4B67-9955-C6E5A29C3DCB}.Release|x86.Build.0 = Release|Win32
		{374B8EA2-3346-4D25-9CC5-EE72E1DB12EA}.Debug|x64.ActiveCfg = Debug|x64
		{374B8EA2-3346-4D25-9CC5-EE72E1DB12EA}.Debug|x64.Build.0 = Debug|x64
		{374B8EA2-3346-4D25-9CC5-EE72E1DB12EA}.Debug|x86.ActiveCfg = Debug|Win32
		{374B8EA2-3346-4D25-9CC5-EE72E1DB12EA}.Debug|x86.Build.0 = Debug|Win32
		{374B8EA2-3346-4D25-9CC5-EE72E1DB12EA}.Release|x64.ActiveCfg = Release|x64
		{374B8EA2-3346-4D25-9CC5-EE72E1DB12EA}.Release|x64.Build.0 = Release|x64
		{374B8EA2-3346-4D25-9CC5-EE72E1DB12EA}.Release|x86.ActiveCfg = Release|Win32
		{374B8EA2-3346-4D25-9CC5-EE72E1DB12EA}.Release|x86.Build.0 = Release|Win32
		{A4A2E879-DA8E-4E86-B8C1-F0F8E94A2598}.Debug|x64.ActiveCfg = Debug|x64
		{A4A2E879-DA8E-4E86-B8C1-F0F8E94A2598}.Debug|x64.Build.0 = Debug|x64
		{A4A2E879-DA8E-4E86-B8C1-F0F8E94A2598}.Debug|x86.ActiveCfg = Debug|Win32
		{A4A2E879-DA8E-4E86-B8C1-F0F8E94A2598}.Debug|x86.Build.0 = Debug|Win32
		{A4A2E879-DA8E-4E86-B8C1-F0F8E94A2598}.Release|x64.ActiveCfg = Release|x64
		{A4A2E879-DA8E-4E86-B8C1-F0F8E94A2598}.Release|x64.Build.0 = Release|x64
		{A4A2E879-DA8E-4E86-B8C1-F0F8E94A2598}.Release|x86.ActiveCfg = Release|Win32
		{A4A2E879-DA8E-4E86-B8C1-F0F8E94A2598}.Release|x86.Build.0 = Release|Win32
		{3C1606F4-2C60-4611-AB4C-A357585080C4}.Debug|x64.ActiveCfg = Debug|x64
		{3C1606F4-2C60-4611-AB4C-A357585080C4}.Debug|x64.Build.0 = Debug|x64
		{3C1606F4-2C60-4611-AB4C-A357585080C4}.Debug|x86.ActiveCfg = Debug|Win32
		{3C1606F4-2C60-4611-AB4C-A357585080C4}.Debug|x86.Build.0 = Debug|Win32
		{3C1606F4-2C60-4611-AB4C-A357585080C4}.Release|x64.ActiveCfg = Release|x64
		{3C1606F4-2C60-4611-AB4C-A357585080C4}.Release|x64.Build.0 = Release|x64
		{3C1606F4-2C60-4611-AB4C-A357585080C4}.Release|x86.ActiveCfg = Release|Win32
		{3C1606F4-2C60-4611-AB4C-A357585080C4}.Release|x86.Build.0 = Release|Win32
	EndGlobalSection
	GlobalSection(SolutionProperties) = preSolution
		HideSolutionNode = FALSE
	EndGlobalSection
	GlobalSection(NestedProjects) = preSolution
		{01F6661B-A48C-4180-A44B-AB96B4D7398A} = {479E9776-C202-4CFB-A2BD-DBD48D77F62D}
		{C04B0BFC-E53C-4D2E-BBEB-5E75F7A5C613} = {479E9776-C202-4CFB-A2BD-DBD48D77F62D}
		{F5251B4F-BAD3-42FE-AE5C-23FE9C039CBE} = {479E9776-C202-4CFB-A2BD-DBD48D77F62D}
		{E194A4E5-75CA-4B3F-B906-6D1602DB1CFC} = {479E9776-C202-4CFB-A2BD-DBD48D77F62D}
		{0D389D1E-7544-4E29-A16E-F5CBFD253755} = {479E9776-C202-4CFB-A2BD-DBD48D77F62D}
		{0A05DCEC-D910-4F9F-BADC-3D9AB8B3FD6E} = {479E9776-C202-4CFB-A2BD-DBD48D77F62D}
		{D0751319-1B6D-4BDD-8550-36371D099CC8} = {479E9776-C202-4CFB-A2BD-DBD48D77F62D}
		{A98888D2-28B1-4BDF-8E53-FA77430C30C3} = {F0CF21D2-9594-43EF-84A7-7D083C5C3260}
		{AEE3D3BA-7BE7-41DD-AEEB-B7DBCF701D7C} = {02E27078-DAC3-4E84-91F5-A869EF8C4B42}
		{6D5B6898-553B-4902-A8E3-CBE750D0C59C} = {02E27078-DAC3-4E84-91F5-A869EF8C4B42}
		{91F020A8-E6C7-4FA8-89F5-5A50B4EFE1AE} = {02E27078-DAC3-4E84-91F5-A869EF8C4B42}
		{A20EBA09-ADC7-40A0-A7A8-E504BAEC1DF5} = {02E27078-DAC3-4E84-91F5-A869EF8C4B42}
		{C1AF2E70-9841-4DA2-827E-713FCFB65C36} = {02E27078-DAC3-4E84-91F5-A869EF8C4B42}
		{16AFD041-F7ED-4E7B-BC5E-557193472D1E} = {02E27078-DAC3-4E84-91F5-A869EF8C4B42}
		{C55CF21A-00E8-4D8D-9E65-7651F22BB106} = {D2CF255A-F478-4162-967A-F61E4FD4BB77}
		{CF6FBE82-F658-4771-8201-576A1DEEE31A} = {D2CF255A-F478-4162-967A-F61E4FD4BB77}
		{DBDFB068-4ADD-4387-9DDA-46FDC03099BF} = {D2CF255A-F478-4162-967A-F61E4FD4BB77}
		{C33E4F14-F0C1-4848-A183-4406E682F221} = {D2CF255A-F478-4162-967A-F61E4FD4BB77}
		{BB415A19-6CD2-4B67-9955-C6E5A29C3DCB} = {D2CF255A-F478-4162-967A-F61E4FD4BB77}
		{374B8EA2-3346-4D25-9CC5-EE72E1DB12EA} = {D2CF255A-F478-4162-967A-F61E4FD4BB77}
		{A4A2E879-DA8E-4E86-B8C1-F0F8E94A2598} = {D2CF255A-F478-4162-967A-F61E4FD4BB77}
		{3C1606F4-2C60-4611-AB4C-A357585080C4} = {D2CF255A-F478-4162-967A-F61E4FD4BB77}
	EndGlobalSection
	GlobalSection(ExtensibilityGlobals) = postSolution
		SolutionGuid = {7A4A7924-09C3-43AA-B8FA-C841DADC0EB1}
	EndGlobalSection
EndGlobal
