
Microsoft Visual Studio Solution File, Format Version 12.00
# Visual Studio Version 16
Project("{2150E333-8FDC-42A3-9474-1A3956D46DE8}") = "CMakePredefinedTargets", "CMakePredefinedTargets", "{66E025E6-E601-3E2F-A3B0-BB2579845A57}"
EndProject
Project("{8BC9CEB8-8B4A-11D0-8D11-00A0C91BC942}") = "ALL_BUILD", "ALL_BUILD.vcxproj", "{2CD7BB46-9685-3EFB-8B0C-36D021386092}"
	ProjectSection(ProjectDependencies) = postProject
		{0982FDB2-2352-3053-A18A-5EACE0ECB554} = {0982FDB2-2352-3053-A18A-5EACE0ECB554}
		{ECEE428E-55A7-3B28-ABFA-80D07246728B} = {ECEE428E-55A7-3B28-ABFA-80D07246728B}
		{3E944CA2-FEE6-3EC6-9D9C-2EAA47462E6D} = {3E944CA2-FEE6-3EC6-9D9C-2EAA47462E6D}
		{15F2A827-50BF-3D53-9DFD-E60911AA410A} = {15F2A827-50BF-3D53-9DFD-E60911AA410A}
		{5DDCAC3F-05CC-34FB-8E39-6D3D9846002A} = {5DDCAC3F-05CC-34FB-8E39-6D3D9846002A}
		{92223A73-046D-335F-94A7-F89E3A42E556} = {92223A73-046D-335F-94A7-F89E3A42E556}
		{D2D571D8-89C3-3EF3-B6CB-E4BC999A35E8} = {D2D571D8-89C3-3EF3-B6CB-E4BC999A35E8}
	EndProjectSection
EndProject
Project("{8BC9CEB8-8B4A-11D0-8D11-00A0C91BC942}") = "ZERO_CHECK", "ZERO_CHECK.vcxproj", "{0982FDB2-2352-3053-A18A-5EACE0ECB554}"
	ProjectSection(ProjectDependencies) = postProject
	EndProjectSection
EndProject
Project("{8BC9CEB8-8B4A-11D0-8D11-00A0C91BC942}") = "animal", "animal.vcxproj", "{ECEE428E-55A7-3B28-ABFA-80D07246728B}"
	ProjectSection(ProjectDependencies) = postProject
		{0982FDB2-2352-3053-A18A-5EACE0ECB554} = {0982FDB2-2352-3053-A18A-5EACE0ECB554}
	EndProjectSection
EndProject
Project("{8BC9CEB8-8B4A-11D0-8D11-00A0C91BC942}") = "count", "count.vcxproj", "{3E944CA2-FEE6-3EC6-9D9C-2EAA47462E6D}"
	ProjectSection(ProjectDependencies) = postProject
		{0982FDB2-2352-3053-A18A-5EACE0ECB554} = {0982FDB2-2352-3053-A18A-5EACE0ECB554}
	EndProjectSection
EndProject
Project("{8BC9CEB8-8B4A-11D0-8D11-00A0C91BC942}") = "factorial", "factorial.vcxproj", "{15F2A827-50BF-3D53-9DFD-E60911AA410A}"
	ProjectSection(ProjectDependencies) = postProject
		{0982FDB2-2352-3053-A18A-5EACE0ECB554} = {0982FDB2-2352-3053-A18A-5EACE0ECB554}
	EndProjectSection
EndProject
Project("{8BC9CEB8-8B4A-11D0-8D11-00A0C91BC942}") = "list", "list.vcxproj", "{5DDCAC3F-05CC-34FB-8E39-6D3D9846002A}"
	ProjectSection(ProjectDependencies) = postProject
		{0982FDB2-2352-3053-A18A-5EACE0ECB554} = {0982FDB2-2352-3053-A18A-5EACE0ECB554}
	EndProjectSection
EndProject
Project("{8BC9CEB8-8B4A-11D0-8D11-00A0C91BC942}") = "palindrome", "palindrome.vcxproj", "{92223A73-046D-335F-94A7-F89E3A42E556}"
	ProjectSection(ProjectDependencies) = postProject
		{0982FDB2-2352-3053-A18A-5EACE0ECB554} = {0982FDB2-2352-3053-A18A-5EACE0ECB554}
	EndProjectSection
EndProject
Project("{8BC9CEB8-8B4A-11D0-8D11-00A0C91BC942}") = "swap", "swap.vcxproj", "{D2D571D8-89C3-3EF3-B6CB-E4BC999A35E8}"
	ProjectSection(ProjectDependencies) = postProject
		{0982FDB2-2352-3053-A18A-5EACE0ECB554} = {0982FDB2-2352-3053-A18A-5EACE0ECB554}
	EndProjectSection
EndProject
Global
	GlobalSection(SolutionConfigurationPlatforms) = preSolution
		Debug|x64 = Debug|x64
		Release|x64 = Release|x64
		MinSizeRel|x64 = MinSizeRel|x64
		RelWithDebInfo|x64 = RelWithDebInfo|x64
	EndGlobalSection
	GlobalSection(ProjectConfigurationPlatforms) = postSolution
		{2CD7BB46-9685-3EFB-8B0C-36D021386092}.Debug|x64.ActiveCfg = Debug|x64
		{2CD7BB46-9685-3EFB-8B0C-36D021386092}.Release|x64.ActiveCfg = Release|x64
		{2CD7BB46-9685-3EFB-8B0C-36D021386092}.MinSizeRel|x64.ActiveCfg = MinSizeRel|x64
		{2CD7BB46-9685-3EFB-8B0C-36D021386092}.RelWithDebInfo|x64.ActiveCfg = RelWithDebInfo|x64
		{0982FDB2-2352-3053-A18A-5EACE0ECB554}.Debug|x64.ActiveCfg = Debug|x64
		{0982FDB2-2352-3053-A18A-5EACE0ECB554}.Debug|x64.Build.0 = Debug|x64
		{0982FDB2-2352-3053-A18A-5EACE0ECB554}.Release|x64.ActiveCfg = Release|x64
		{0982FDB2-2352-3053-A18A-5EACE0ECB554}.Release|x64.Build.0 = Release|x64
		{0982FDB2-2352-3053-A18A-5EACE0ECB554}.MinSizeRel|x64.ActiveCfg = MinSizeRel|x64
		{0982FDB2-2352-3053-A18A-5EACE0ECB554}.MinSizeRel|x64.Build.0 = MinSizeRel|x64
		{0982FDB2-2352-3053-A18A-5EACE0ECB554}.RelWithDebInfo|x64.ActiveCfg = RelWithDebInfo|x64
		{0982FDB2-2352-3053-A18A-5EACE0ECB554}.RelWithDebInfo|x64.Build.0 = RelWithDebInfo|x64
		{ECEE428E-55A7-3B28-ABFA-80D07246728B}.Debug|x64.ActiveCfg = Debug|x64
		{ECEE428E-55A7-3B28-ABFA-80D07246728B}.Debug|x64.Build.0 = Debug|x64
		{ECEE428E-55A7-3B28-ABFA-80D07246728B}.Release|x64.ActiveCfg = Release|x64
		{ECEE428E-55A7-3B28-ABFA-80D07246728B}.Release|x64.Build.0 = Release|x64
		{ECEE428E-55A7-3B28-ABFA-80D07246728B}.MinSizeRel|x64.ActiveCfg = MinSizeRel|x64
		{ECEE428E-55A7-3B28-ABFA-80D07246728B}.MinSizeRel|x64.Build.0 = MinSizeRel|x64
		{ECEE428E-55A7-3B28-ABFA-80D07246728B}.RelWithDebInfo|x64.ActiveCfg = RelWithDebInfo|x64
		{ECEE428E-55A7-3B28-ABFA-80D07246728B}.RelWithDebInfo|x64.Build.0 = RelWithDebInfo|x64
		{3E944CA2-FEE6-3EC6-9D9C-2EAA47462E6D}.Debug|x64.ActiveCfg = Debug|x64
		{3E944CA2-FEE6-3EC6-9D9C-2EAA47462E6D}.Debug|x64.Build.0 = Debug|x64
		{3E944CA2-FEE6-3EC6-9D9C-2EAA47462E6D}.Release|x64.ActiveCfg = Release|x64
		{3E944CA2-FEE6-3EC6-9D9C-2EAA47462E6D}.Release|x64.Build.0 = Release|x64
		{3E944CA2-FEE6-3EC6-9D9C-2EAA47462E6D}.MinSizeRel|x64.ActiveCfg = MinSizeRel|x64
		{3E944CA2-FEE6-3EC6-9D9C-2EAA47462E6D}.MinSizeRel|x64.Build.0 = MinSizeRel|x64
		{3E944CA2-FEE6-3EC6-9D9C-2EAA47462E6D}.RelWithDebInfo|x64.ActiveCfg = RelWithDebInfo|x64
		{3E944CA2-FEE6-3EC6-9D9C-2EAA47462E6D}.RelWithDebInfo|x64.Build.0 = RelWithDebInfo|x64
		{15F2A827-50BF-3D53-9DFD-E60911AA410A}.Debug|x64.ActiveCfg = Debug|x64
		{15F2A827-50BF-3D53-9DFD-E60911AA410A}.Debug|x64.Build.0 = Debug|x64
		{15F2A827-50BF-3D53-9DFD-E60911AA410A}.Release|x64.ActiveCfg = Release|x64
		{15F2A827-50BF-3D53-9DFD-E60911AA410A}.Release|x64.Build.0 = Release|x64
		{15F2A827-50BF-3D53-9DFD-E60911AA410A}.MinSizeRel|x64.ActiveCfg = MinSizeRel|x64
		{15F2A827-50BF-3D53-9DFD-E60911AA410A}.MinSizeRel|x64.Build.0 = MinSizeRel|x64
		{15F2A827-50BF-3D53-9DFD-E60911AA410A}.RelWithDebInfo|x64.ActiveCfg = RelWithDebInfo|x64
		{15F2A827-50BF-3D53-9DFD-E60911AA410A}.RelWithDebInfo|x64.Build.0 = RelWithDebInfo|x64
		{5DDCAC3F-05CC-34FB-8E39-6D3D9846002A}.Debug|x64.ActiveCfg = Debug|x64
		{5DDCAC3F-05CC-34FB-8E39-6D3D9846002A}.Debug|x64.Build.0 = Debug|x64
		{5DDCAC3F-05CC-34FB-8E39-6D3D9846002A}.Release|x64.ActiveCfg = Release|x64
		{5DDCAC3F-05CC-34FB-8E39-6D3D9846002A}.Release|x64.Build.0 = Release|x64
		{5DDCAC3F-05CC-34FB-8E39-6D3D9846002A}.MinSizeRel|x64.ActiveCfg = MinSizeRel|x64
		{5DDCAC3F-05CC-34FB-8E39-6D3D9846002A}.MinSizeRel|x64.Build.0 = MinSizeRel|x64
		{5DDCAC3F-05CC-34FB-8E39-6D3D9846002A}.RelWithDebInfo|x64.ActiveCfg = RelWithDebInfo|x64
		{5DDCAC3F-05CC-34FB-8E39-6D3D9846002A}.RelWithDebInfo|x64.Build.0 = RelWithDebInfo|x64
		{92223A73-046D-335F-94A7-F89E3A42E556}.Debug|x64.ActiveCfg = Debug|x64
		{92223A73-046D-335F-94A7-F89E3A42E556}.Debug|x64.Build.0 = Debug|x64
		{92223A73-046D-335F-94A7-F89E3A42E556}.Release|x64.ActiveCfg = Release|x64
		{92223A73-046D-335F-94A7-F89E3A42E556}.Release|x64.Build.0 = Release|x64
		{92223A73-046D-335F-94A7-F89E3A42E556}.MinSizeRel|x64.ActiveCfg = MinSizeRel|x64
		{92223A73-046D-335F-94A7-F89E3A42E556}.MinSizeRel|x64.Build.0 = MinSizeRel|x64
		{92223A73-046D-335F-94A7-F89E3A42E556}.RelWithDebInfo|x64.ActiveCfg = RelWithDebInfo|x64
		{92223A73-046D-335F-94A7-F89E3A42E556}.RelWithDebInfo|x64.Build.0 = RelWithDebInfo|x64
		{D2D571D8-89C3-3EF3-B6CB-E4BC999A35E8}.Debug|x64.ActiveCfg = Debug|x64
		{D2D571D8-89C3-3EF3-B6CB-E4BC999A35E8}.Debug|x64.Build.0 = Debug|x64
		{D2D571D8-89C3-3EF3-B6CB-E4BC999A35E8}.Release|x64.ActiveCfg = Release|x64
		{D2D571D8-89C3-3EF3-B6CB-E4BC999A35E8}.Release|x64.Build.0 = Release|x64
		{D2D571D8-89C3-3EF3-B6CB-E4BC999A35E8}.MinSizeRel|x64.ActiveCfg = MinSizeRel|x64
		{D2D571D8-89C3-3EF3-B6CB-E4BC999A35E8}.MinSizeRel|x64.Build.0 = MinSizeRel|x64
		{D2D571D8-89C3-3EF3-B6CB-E4BC999A35E8}.RelWithDebInfo|x64.ActiveCfg = RelWithDebInfo|x64
		{D2D571D8-89C3-3EF3-B6CB-E4BC999A35E8}.RelWithDebInfo|x64.Build.0 = RelWithDebInfo|x64
	EndGlobalSection
	GlobalSection(NestedProjects) = preSolution
		{2CD7BB46-9685-3EFB-8B0C-36D021386092} = {66E025E6-E601-3E2F-A3B0-BB2579845A57}
		{0982FDB2-2352-3053-A18A-5EACE0ECB554} = {66E025E6-E601-3E2F-A3B0-BB2579845A57}
	EndGlobalSection
	GlobalSection(ExtensibilityGlobals) = postSolution
		SolutionGuid = {C582AC8E-F1BD-3BA9-9742-6CB2F085ABDD}
	EndGlobalSection
	GlobalSection(ExtensibilityAddIns) = postSolution
	EndGlobalSection
EndGlobal
