<?xml version="1.0" encoding="utf-8"?>
<Project ToolsVersion="16.0" xmlns="http://schemas.microsoft.com/developer/msbuild/2003">
  <ItemGroup>
    <CustomBuild Include="C:\SAE\SAE921-GRP4100-CPlusPlus-Class-SStyles\05 - Exercice - Memory\CMakeFiles\26e2d9678116d8e703a775cafb92f001\generate.stamp.rule">
      <Filter>CMake Rules</Filter>
    </CustomBuild>
  </ItemGroup>
  <ItemGroup>
    <Filter Include="CMake Rules">
      <UniqueIdentifier>{8A5D8291-A7ED-3BD0-83DB-20CA081FF373}</UniqueIdentifier>
    </Filter>
  </ItemGroup>
</Project>
